// !$*UTF8*$!
{
	archiveVersion = 1;
	classes = {
	};
	objectVersion = 46;
	objects = {

/* Begin PBXBuildFile section */
		71A5400C1658498500E98278 /* UIKit.framework in Frameworks */ = {isa = PBXBuildFile; fileRef = 71A5400B1658498500E98278 /* UIKit.framework */; };
		71A5400E1658498500E98278 /* Foundation.framework in Frameworks */ = {isa = PBXBuildFile; fileRef = 71A5400D1658498500E98278 /* Foundation.framework */; };
		71A540101658498500E98278 /* CoreGraphics.framework in Frameworks */ = {isa = PBXBuildFile; fileRef = 71A5400F1658498500E98278 /* CoreGraphics.framework */; };
		71A540161658498500E98278 /* InfoPlist.strings in Resources */ = {isa = PBXBuildFile; fileRef = 71A540141658498500E98278 /* InfoPlist.strings */; };
		71A540181658498500E98278 /* main.m in Sources */ = {isa = PBXBuildFile; fileRef = 71A540171658498500E98278 /* main.m */; };
		71A5401C1658498500E98278 /* PTAppDelegate.m in Sources */ = {isa = PBXBuildFile; fileRef = 71A5401B1658498500E98278 /* PTAppDelegate.m */; };
		71A5401E1658498500E98278 /* Default.png in Resources */ = {isa = PBXBuildFile; fileRef = 71A5401D1658498500E98278 /* Default.png */; };
		71A540201658498500E98278 /* Default@2x.png in Resources */ = {isa = PBXBuildFile; fileRef = 71A5401F1658498500E98278 /* Default@2x.png */; };
		71A540221658498500E98278 /* Default-568h@2x.png in Resources */ = {isa = PBXBuildFile; fileRef = 71A540211658498500E98278 /* Default-568h@2x.png */; };
		71A540251658498500E98278 /* PTViewController.m in Sources */ = {isa = PBXBuildFile; fileRef = 71A540241658498500E98278 /* PTViewController.m */; };
		71A540281658498500E98278 /* PTViewController_iPhone.xib in Resources */ = {isa = PBXBuildFile; fileRef = 71A540261658498500E98278 /* PTViewController_iPhone.xib */; };
		71A5402B1658498500E98278 /* PTViewController_iPad.xib in Resources */ = {isa = PBXBuildFile; fileRef = 71A540291658498500E98278 /* PTViewController_iPad.xib */; };
/* End PBXBuildFile section */

/* Begin PBXFileReference section */
		71A540071658498500E98278 /* Public Transport Ukraine.app */ = {isa = PBXFileReference; explicitFileType = wrapper.application; includeInIndex = 0; path = "Public Transport Ukraine.app"; sourceTree = BUILT_PRODUCTS_DIR; };
		71A5400B1658498500E98278 /* UIKit.framework */ = {isa = PBXFileReference; lastKnownFileType = wrapper.framework; name = UIKit.framework; path = System/Library/Frameworks/UIKit.framework; sourceTree = SDKROOT; };
		71A5400D1658498500E98278 /* Foundation.framework */ = {isa = PBXFileReference; lastKnownFileType = wrapper.framework; name = Foundation.framework; path = System/Library/Frameworks/Foundation.framework; sourceTree = SDKROOT; };
		71A5400F1658498500E98278 /* CoreGraphics.framework */ = {isa = PBXFileReference; lastKnownFileType = wrapper.framework; name = CoreGraphics.framework; path = System/Library/Frameworks/CoreGraphics.framework; sourceTree = SDKROOT; };
		71A540131658498500E98278 /* Public Transport Ukraine-Info.plist */ = {isa = PBXFileReference; lastKnownFileType = text.plist.xml; path = "Public Transport Ukraine-Info.plist"; sourceTree = "<group>"; };
		71A540151658498500E98278 /* en */ = {isa = PBXFileReference; lastKnownFileType = text.plist.strings; name = en; path = en.lproj/InfoPlist.strings; sourceTree = "<group>"; };
		71A540171658498500E98278 /* main.m */ = {isa = PBXFileReference; lastKnownFileType = sourcecode.c.objc; path = main.m; sourceTree = "<group>"; };
		71A540191658498500E98278 /* Public Transport Ukraine-Prefix.pch */ = {isa = PBXFileReference; lastKnownFileType = sourcecode.c.h; path = "Public Transport Ukraine-Prefix.pch"; sourceTree = "<group>"; };
		71A5401A1658498500E98278 /* PTAppDelegate.h */ = {isa = PBXFileReference; lastKnownFileType = sourcecode.c.h; path = PTAppDelegate.h; sourceTree = "<group>"; };
		71A5401B1658498500E98278 /* PTAppDelegate.m */ = {isa = PBXFileReference; lastKnownFileType = sourcecode.c.objc; path = PTAppDelegate.m; sourceTree = "<group>"; };
		71A5401D1658498500E98278 /* Default.png */ = {isa = PBXFileReference; lastKnownFileType = image.png; path = Default.png; sourceTree = "<group>"; };
		71A5401F1658498500E98278 /* Default@2x.png */ = {isa = PBXFileReference; lastKnownFileType = image.png; path = "Default@2x.png"; sourceTree = "<group>"; };
		71A540211658498500E98278 /* Default-568h@2x.png */ = {isa = PBXFileReference; lastKnownFileType = image.png; path = "Default-568h@2x.png"; sourceTree = "<group>"; };
		71A540231658498500E98278 /* PTViewController.h */ = {isa = PBXFileReference; lastKnownFileType = sourcecode.c.h; path = PTViewController.h; sourceTree = "<group>"; };
		71A540241658498500E98278 /* PTViewController.m */ = {isa = PBXFileReference; lastKnownFileType = sourcecode.c.objc; path = PTViewController.m; sourceTree = "<group>"; };
		71A540271658498500E98278 /* en */ = {isa = PBXFileReference; lastKnownFileType = file.xib; name = en; path = en.lproj/PTViewController_iPhone.xib; sourceTree = "<group>"; };
		71A5402A1658498500E98278 /* en */ = {isa = PBXFileReference; lastKnownFileType = file.xib; name = en; path = en.lproj/PTViewController_iPad.xib; sourceTree = "<group>"; };
/* End PBXFileReference section */

/* Begin PBXFrameworksBuildPhase section */
		71A540041658498500E98278 /* Frameworks */ = {
			isa = PBXFrameworksBuildPhase;
			buildActionMask = 2147483647;
			files = (
				71A5400C1658498500E98278 /* UIKit.framework in Frameworks */,
				71A5400E1658498500E98278 /* Foundation.framework in Frameworks */,
				71A540101658498500E98278 /* CoreGraphics.framework in Frameworks */,
			);
			runOnlyForDeploymentPostprocessing = 0;
		};
/* End PBXFrameworksBuildPhase section */

/* Begin PBXGroup section */
		71A53FFC1658498500E98278 = {
			isa = PBXGroup;
			children = (
				71A540111658498500E98278 /* Public Transport Ukraine */,
				71A5400A1658498500E98278 /* Frameworks */,
				71A540081658498500E98278 /* Products */,
			);
			sourceTree = "<group>";
		};
		71A540081658498500E98278 /* Products */ = {
			isa = PBXGroup;
			children = (
				71A540071658498500E98278 /* Public Transport Ukraine.app */,
			);
			name = Products;
			sourceTree = "<group>";
		};
		71A5400A1658498500E98278 /* Frameworks */ = {
			isa = PBXGroup;
			children = (
				71A5400B1658498500E98278 /* UIKit.framework */,
				71A5400D1658498500E98278 /* Foundation.framework */,
				71A5400F1658498500E98278 /* CoreGraphics.framework */,
			);
			name = Frameworks;
			sourceTree = "<group>";
		};
		71A540111658498500E98278 /* Public Transport Ukraine */ = {
			isa = PBXGroup;
			children = (
				71A5401A1658498500E98278 /* PTAppDelegate.h */,
				71A5401B1658498500E98278 /* PTAppDelegate.m */,
				71A540231658498500E98278 /* PTViewController.h */,
				71A540241658498500E98278 /* PTViewController.m */,
				71A540261658498500E98278 /* PTViewController_iPhone.xib */,
				71A540291658498500E98278 /* PTViewController_iPad.xib */,
				71A540121658498500E98278 /* Supporting Files */,
			);
			path = "Public Transport Ukraine";
			sourceTree = "<group>";
		};
		71A540121658498500E98278 /* Supporting Files */ = {
			isa = PBXGroup;
			children = (
				71A540131658498500E98278 /* Public Transport Ukraine-Info.plist */,
				71A540141658498500E98278 /* InfoPlist.strings */,
				71A540171658498500E98278 /* main.m */,
				71A540191658498500E98278 /* Public Transport Ukraine-Prefix.pch */,
				71A5401D1658498500E98278 /* Default.png */,
				71A5401F1658498500E98278 /* Default@2x.png */,
				71A540211658498500E98278 /* Default-568h@2x.png */,
			);
			name = "Supporting Files";
			sourceTree = "<group>";
		};
/* End PBXGroup section */

/* Begin PBXNativeTarget section */
		71A540061658498500E98278 /* Public Transport Ukraine */ = {
			isa = PBXNativeTarget;
			buildConfigurationList = 71A5402E1658498500E98278 /* Build configuration list for PBXNativeTarget "Public Transport Ukraine" */;
			buildPhases = (
				71A540031658498500E98278 /* Sources */,
				71A540041658498500E98278 /* Frameworks */,
				71A540051658498500E98278 /* Resources */,
			);
			buildRules = (
			);
			dependencies = (
			);
			name = "Public Transport Ukraine";
			productName = "Public Transport Ukraine";
			productReference = 71A540071658498500E98278 /* Public Transport Ukraine.app */;
			productType = "com.apple.product-type.application";
		};
/* End PBXNativeTarget section */

/* Begin PBXProject section */
		71A53FFE1658498500E98278 /* Project object */ = {
			isa = PBXProject;
			attributes = {
				CLASSPREFIX = PT;
				LastUpgradeCheck = 0450;
				ORGANIZATIONNAME = "Denis Krut";
			};
			buildConfigurationList = 71A540011658498500E98278 /* Build configuration list for PBXProject "Public Transport Ukraine" */;
			compatibilityVersion = "Xcode 3.2";
			developmentRegion = English;
			hasScannedForEncodings = 0;
			knownRegions = (
				en,
			);
			mainGroup = 71A53FFC1658498500E98278;
			productRefGroup = 71A540081658498500E98278 /* Products */;
			projectDirPath = "";
			projectRoot = "";
			targets = (
				71A540061658498500E98278 /* Public Transport Ukraine */,
			);
		};
/* End PBXProject section */

/* Begin PBXResourcesBuildPhase section */
		71A540051658498500E98278 /* Resources */ = {
			isa = PBXResourcesBuildPhase;
			buildActionMask = 2147483647;
			files = (
				71A540161658498500E98278 /* InfoPlist.strings in Resources */,
				71A5401E1658498500E98278 /* Default.png in Resources */,
				71A540201658498500E98278 /* Default@2x.png in Resources */,
				71A540221658498500E98278 /* Default-568h@2x.png in Resources */,
				71A540281658498500E98278 /* PTViewController_iPhone.xib in Resources */,
				71A5402B1658498500E98278 /* PTViewController_iPad.xib in Resources */,
			);
			runOnlyForDeploymentPostprocessing = 0;
		};
/* End PBXResourcesBuildPhase section */

/* Begin PBXSourcesBuildPhase section */
		71A540031658498500E98278 /* Sources */ = {
			isa = PBXSourcesBuildPhase;
			buildActionMask = 2147483647;
			files = (
				71A540181658498500E98278 /* main.m in Sources */,
				71A5401C1658498500E98278 /* PTAppDelegate.m in Sources */,
				71A540251658498500E98278 /* PTViewController.m in Sources */,
			);
			runOnlyForDeploymentPostprocessing = 0;
		};
/* End PBXSourcesBuildPhase section */

/* Begin PBXVariantGroup section */
		71A540141658498500E98278 /* InfoPlist.strings */ = {
			isa = PBXVariantGroup;
			children = (
				71A540151658498500E98278 /* en */,
			);
			name = InfoPlist.strings;
			sourceTree = "<group>";
		};
		71A540261658498500E98278 /* PTViewController_iPhone.xib */ = {
			isa = PBXVariantGroup;
			children = (
				71A540271658498500E98278 /* en */,
			);
			name = PTViewController_iPhone.xib;
			sourceTree = "<group>";
		};
		71A540291658498500E98278 /* PTViewController_iPad.xib */ = {
			isa = PBXVariantGroup;
			children = (
				71A5402A1658498500E98278 /* en */,
			);
			name = PTViewController_iPad.xib;
			sourceTree = "<group>";
		};
/* End PBXVariantGroup section */

/* Begin XCBuildConfiguration section */
		71A5402C1658498500E98278 /* Debug */ = {
			isa = XCBuildConfiguration;
			buildSettings = {
				ALWAYS_SEARCH_USER_PATHS = NO;
				CLANG_CXX_LANGUAGE_STANDARD = "gnu++0x";
				CLANG_CXX_LIBRARY = "libc++";
				CLANG_WARN_EMPTY_BODY = YES;
				CLANG_WARN__DUPLICATE_METHOD_MATCH = YES;
				"CODE_SIGN_IDENTITY[sdk=iphoneos*]" = "iPhone Developer";
				COPY_PHASE_STRIP = NO;
				GCC_C_LANGUAGE_STANDARD = gnu99;
				GCC_DYNAMIC_NO_PIC = NO;
				GCC_OPTIMIZATION_LEVEL = 0;
				GCC_PREPROCESSOR_DEFINITIONS = (
					"DEBUG=1",
					"$(inherited)",
				);
				GCC_SYMBOLS_PRIVATE_EXTERN = NO;
				GCC_WARN_ABOUT_RETURN_TYPE = YES;
				GCC_WARN_UNINITIALIZED_AUTOS = YES;
				GCC_WARN_UNUSED_VARIABLE = YES;
				IPHONEOS_DEPLOYMENT_TARGET = 6.0;
				ONLY_ACTIVE_ARCH = YES;
				SDKROOT = iphoneos;
				TARGETED_DEVICE_FAMILY = "1,2";
			};
			name = Debug;
		};
		71A5402D1658498500E98278 /* Release */ = {
			isa = XCBuildConfiguration;
			buildSettings = {
				ALWAYS_SEARCH_USER_PATHS = NO;
				CLANG_CXX_LANGUAGE_STANDARD = "gnu++0x";
				CLANG_CXX_LIBRARY = "libc++";
				CLANG_WARN_EMPTY_BODY = YES;
				CLANG_WARN__DUPLICATE_METHOD_MATCH = YES;
				"CODE_SIGN_IDENTITY[sdk=iphoneos*]" = "iPhone Developer";
				COPY_PHASE_STRIP = YES;
				GCC_C_LANGUAGE_STANDARD = gnu99;
				GCC_WARN_ABOUT_RETURN_TYPE = YES;
				GCC_WARN_UNINITIALIZED_AUTOS = YES;
				GCC_WARN_UNUSED_VARIABLE = YES;
				IPHONEOS_DEPLOYMENT_TARGET = 6.0;
				OTHER_CFLAGS = "-DNS_BLOCK_ASSERTIONS=1";
				SDKROOT = iphoneos;
				TARGETED_DEVICE_FAMILY = "1,2";
				VALIDATE_PRODUCT = YES;
			};
			name = Release;
		};
		71A5402F1658498500E98278 /* Debug */ = {
			isa = XCBuildConfiguration;
			buildSettings = {
				GCC_PRECOMPILE_PREFIX_HEADER = YES;
				GCC_PREFIX_HEADER = "Public Transport Ukraine/Public Transport Ukraine-Prefix.pch";
				INFOPLIST_FILE = "Public Transport Ukraine/Public Transport Ukraine-Info.plist";
				PRODUCT_NAME = "$(TARGET_NAME)";
				WRAPPER_EXTENSION = app;
			};
			name = Debug;
		};
		71A540301658498500E98278 /* Release */ = {
			isa = XCBuildConfiguration;
			buildSettings = {
				GCC_PRECOMPILE_PREFIX_HEADER = YES;
				GCC_PREFIX_HEADER = "Public Transport Ukraine/Public Transport Ukraine-Prefix.pch";
				INFOPLIST_FILE = "Public Transport Ukraine/Public Transport Ukraine-Info.plist";
				PRODUCT_NAME = "$(TARGET_NAME)";
				WRAPPER_EXTENSION = app;
			};
			name = Release;
		};
/* End XCBuildConfiguration section */

/* Begin XCConfigurationList section */
		71A540011658498500E98278 /* Build configuration list for PBXProject "Public Transport Ukraine" */ = {
			isa = XCConfigurationList;
			buildConfigurations = (
				71A5402C1658498500E98278 /* Debug */,
				71A5402D1658498500E98278 /* Release */,
			);
			defaultConfigurationIsVisible = 0;
			defaultConfigurationName = Release;
		};
		71A5402E1658498500E98278 /* Build configuration list for PBXNativeTarget "Public Transport Ukraine" */ = {
			isa = XCConfigurationList;
			buildConfigurations = (
				71A5402F1658498500E98278 /* Debug */,
				71A540301658498500E98278 /* Release */,
			);
			defaultConfigurationIsVisible = 0;
		};
/* End XCConfigurationList section */
	};
	rootObject = 71A53FFE1658498500E98278 /* Project object */;
}
